// !$*UTF8*$!
{
	archiveVersion = 1;
	classes = {
	};
	objectVersion = 46;
	objects = {

/* Begin PBXBuildFile section */
		1929B24484427DD509C42FC1 /* NSString+QVWorkspace.m in Sources */ = {isa = PBXBuildFile; fileRef = 1929BB32CDC9ECE7C1BEFF06 /* NSString+QVWorkspace.m */; };
		1929B3AA56FF997D0D7C79A3 /* QVToolbarButton.m in Sources */ = {isa = PBXBuildFile; fileRef = 1929B03E3D8C949D61774590 /* QVToolbarButton.m */; };
		1929B3CD93B47AAD945F82C2 /* QVSeparatorLine.m in Sources */ = {isa = PBXBuildFile; fileRef = 1929B08D1339D79C101E83DC /* QVSeparatorLine.m */; };
		1929BED77B34B7D21B01A157 /* NSView+QVWorkspace.m in Sources */ = {isa = PBXBuildFile; fileRef = 1929B54DB25BA8C828DCB062 /* NSView+QVWorkspace.m */; };
		4B12DE1D1A4F114600DF5FC1 /* AppDelegate.m in Sources */ = {isa = PBXBuildFile; fileRef = 4B12DE1C1A4F114600DF5FC1 /* AppDelegate.m */; };
		4B12DE1F1A4F114600DF5FC1 /* main.m in Sources */ = {isa = PBXBuildFile; fileRef = 4B12DE1E1A4F114600DF5FC1 /* main.m */; };
		4B12DE211A4F114600DF5FC1 /* Images.xcassets in Resources */ = {isa = PBXBuildFile; fileRef = 4B12DE201A4F114600DF5FC1 /* Images.xcassets */; };
		4B12DE241A4F114600DF5FC1 /* MainMenu.xib in Resources */ = {isa = PBXBuildFile; fileRef = 4B12DE221A4F114600DF5FC1 /* MainMenu.xib */; };
		4B12DE4E1A4F125E00DF5FC1 /* QVTool.m in Sources */ = {isa = PBXBuildFile; fileRef = 4B12DE481A4F125E00DF5FC1 /* QVTool.m */; };
		4B12DE4F1A4F125E00DF5FC1 /* QVToolbar.m in Sources */ = {isa = PBXBuildFile; fileRef = 4B12DE4A1A4F125E00DF5FC1 /* QVToolbar.m */; };
		4B12DE501A4F125E00DF5FC1 /* QVWorkspace.m in Sources */ = {isa = PBXBuildFile; fileRef = 4B12DE4C1A4F125E00DF5FC1 /* QVWorkspace.m */; };
		4B972D191BA5805900D8E49A /* PureLayout.framework in Frameworks */ = {isa = PBXBuildFile; fileRef = 4B972D181BA5805900D8E49A /* PureLayout.framework */; };
		4B972D1A1BA5805900D8E49A /* PureLayout.framework in Embed Frameworks */ = {isa = PBXBuildFile; fileRef = 4B972D181BA5805900D8E49A /* PureLayout.framework */; settings = {ATTRIBUTES = (CodeSignOnCopy, RemoveHeadersOnCopy, ); }; };
/* End PBXBuildFile section */

/* Begin PBXCopyFilesBuildPhase section */
		4B972D1B1BA5805900D8E49A /* Embed Frameworks */ = {
			isa = PBXCopyFilesBuildPhase;
			buildActionMask = 2147483647;
			dstPath = "";
			dstSubfolderSpec = 10;
			files = (
				4B972D1A1BA5805900D8E49A /* PureLayout.framework in Embed Frameworks */,
			);
			name = "Embed Frameworks";
			runOnlyForDeploymentPostprocessing = 0;
		};
/* End PBXCopyFilesBuildPhase section */

/* Begin PBXFileReference section */
		1929B03E3D8C949D61774590 /* QVToolbarButton.m */ = {isa = PBXFileReference; fileEncoding = 4; lastKnownFileType = sourcecode.c.objc; path = QVToolbarButton.m; sourceTree = "<group>"; };
		1929B08D1339D79C101E83DC /* QVSeparatorLine.m */ = {isa = PBXFileReference; fileEncoding = 4; lastKnownFileType = sourcecode.c.objc; path = QVSeparatorLine.m; sourceTree = "<group>"; };
		1929B3B7136B21874E591635 /* QVToolbarButton.h */ = {isa = PBXFileReference; fileEncoding = 4; lastKnownFileType = sourcecode.c.h; path = QVToolbarButton.h; sourceTree = "<group>"; };
		1929B54DB25BA8C828DCB062 /* NSView+QVWorkspace.m */ = {isa = PBXFileReference; fileEncoding = 4; lastKnownFileType = sourcecode.c.objc; path = "NSView+QVWorkspace.m"; sourceTree = "<group>"; };
		1929B847D504CB946769C2B5 /* NSView+QVWorkspace.h */ = {isa = PBXFileReference; fileEncoding = 4; lastKnownFileType = sourcecode.c.h; path = "NSView+QVWorkspace.h"; sourceTree = "<group>"; };
		1929BA37CA8398DB1D09AB21 /* QVSeparatorLine.h */ = {isa = PBXFileReference; fileEncoding = 4; lastKnownFileType = sourcecode.c.h; path = QVSeparatorLine.h; sourceTree = "<group>"; };
		1929BAEA739E2ADD5E025C23 /* QVToolbarButtonDelegate.h */ = {isa = PBXFileReference; fileEncoding = 4; lastKnownFileType = sourcecode.c.h; path = QVToolbarButtonDelegate.h; sourceTree = "<group>"; };
		1929BB32CDC9ECE7C1BEFF06 /* NSString+QVWorkspace.m */ = {isa = PBXFileReference; fileEncoding = 4; lastKnownFileType = sourcecode.c.objc; path = "NSString+QVWorkspace.m"; sourceTree = "<group>"; };
		1929BB432D20728A3A689481 /* NSString+QVWorkspace.h */ = {isa = PBXFileReference; fileEncoding = 4; lastKnownFileType = sourcecode.c.h; path = "NSString+QVWorkspace.h"; sourceTree = "<group>"; };
		1929BFF3EDCBCFD47A940584 /* QVWorkspaceDelegate.h */ = {isa = PBXFileReference; fileEncoding = 4; lastKnownFileType = sourcecode.c.h; path = QVWorkspaceDelegate.h; sourceTree = "<group>"; };
		4B12DE161A4F114600DF5FC1 /* Workspace.app */ = {isa = PBXFileReference; explicitFileType = wrapper.application; includeInIndex = 0; path = Workspace.app; sourceTree = BUILT_PRODUCTS_DIR; };
		4B12DE1A1A4F114600DF5FC1 /* Info.plist */ = {isa = PBXFileReference; lastKnownFileType = text.plist.xml; path = Info.plist; sourceTree = "<group>"; };
		4B12DE1B1A4F114600DF5FC1 /* AppDelegate.h */ = {isa = PBXFileReference; lastKnownFileType = sourcecode.c.h; path = AppDelegate.h; sourceTree = "<group>"; };
		4B12DE1C1A4F114600DF5FC1 /* AppDelegate.m */ = {isa = PBXFileReference; lastKnownFileType = sourcecode.c.objc; path = AppDelegate.m; sourceTree = "<group>"; };
		4B12DE1E1A4F114600DF5FC1 /* main.m */ = {isa = PBXFileReference; lastKnownFileType = sourcecode.c.objc; path = main.m; sourceTree = "<group>"; };
		4B12DE201A4F114600DF5FC1 /* Images.xcassets */ = {isa = PBXFileReference; lastKnownFileType = folder.assetcatalog; path = Images.xcassets; sourceTree = "<group>"; };
		4B12DE231A4F114600DF5FC1 /* Base */ = {isa = PBXFileReference; lastKnownFileType = file.xib; name = Base; path = Base.lproj/MainMenu.xib; sourceTree = "<group>"; };
		4B12DE471A4F125E00DF5FC1 /* QVTool.h */ = {isa = PBXFileReference; fileEncoding = 4; lastKnownFileType = sourcecode.c.h; path = QVTool.h; sourceTree = "<group>"; };
		4B12DE481A4F125E00DF5FC1 /* QVTool.m */ = {isa = PBXFileReference; fileEncoding = 4; lastKnownFileType = sourcecode.c.objc; path = QVTool.m; sourceTree = "<group>"; };
		4B12DE491A4F125E00DF5FC1 /* QVToolbar.h */ = {isa = PBXFileReference; fileEncoding = 4; lastKnownFileType = sourcecode.c.h; path = QVToolbar.h; sourceTree = "<group>"; };
		4B12DE4A1A4F125E00DF5FC1 /* QVToolbar.m */ = {isa = PBXFileReference; fileEncoding = 4; lastKnownFileType = sourcecode.c.objc; path = QVToolbar.m; sourceTree = "<group>"; };
		4B12DE4B1A4F125E00DF5FC1 /* QVWorkspace.h */ = {isa = PBXFileReference; fileEncoding = 4; lastKnownFileType = sourcecode.c.h; path = QVWorkspace.h; sourceTree = "<group>"; };
		4B12DE4C1A4F125E00DF5FC1 /* QVWorkspace.m */ = {isa = PBXFileReference; fileEncoding = 4; lastKnownFileType = sourcecode.c.objc; path = QVWorkspace.m; sourceTree = "<group>"; };
		4B972D181BA5805900D8E49A /* PureLayout.framework */ = {isa = PBXFileReference; lastKnownFileType = wrapper.framework; name = PureLayout.framework; path = Carthage/Build/Mac/PureLayout.framework; sourceTree = "<group>"; };
/* End PBXFileReference section */

/* Begin PBXFrameworksBuildPhase section */
		4B12DE131A4F114600DF5FC1 /* Frameworks */ = {
			isa = PBXFrameworksBuildPhase;
			buildActionMask = 2147483647;
			files = (
				4B972D191BA5805900D8E49A /* PureLayout.framework in Frameworks */,
			);
			runOnlyForDeploymentPostprocessing = 0;
		};
/* End PBXFrameworksBuildPhase section */

/* Begin PBXGroup section */
		06465AD24E5D7709AAFB06FA /* Frameworks */ = {
			isa = PBXGroup;
			children = (
				4B972D181BA5805900D8E49A /* PureLayout.framework */,
			);
			name = Frameworks;
			sourceTree = "<group>";
		};
		4B12DE0D1A4F114600DF5FC1 = {
			isa = PBXGroup;
			children = (
				4B12DE181A4F114600DF5FC1 /* Workspace */,
				4B12DE171A4F114600DF5FC1 /* Products */,
				06465AD24E5D7709AAFB06FA /* Frameworks */,
			);
			sourceTree = "<group>";
		};
		4B12DE171A4F114600DF5FC1 /* Products */ = {
			isa = PBXGroup;
			children = (
				4B12DE161A4F114600DF5FC1 /* Workspace.app */,
			);
			name = Products;
			sourceTree = "<group>";
		};
		4B12DE181A4F114600DF5FC1 /* Workspace */ = {
			isa = PBXGroup;
			children = (
				4B12DE471A4F125E00DF5FC1 /* QVTool.h */,
				4B12DE481A4F125E00DF5FC1 /* QVTool.m */,
				4B12DE491A4F125E00DF5FC1 /* QVToolbar.h */,
				4B12DE4A1A4F125E00DF5FC1 /* QVToolbar.m */,
				4B12DE4B1A4F125E00DF5FC1 /* QVWorkspace.h */,
				4B12DE4C1A4F125E00DF5FC1 /* QVWorkspace.m */,
				4B12DE1B1A4F114600DF5FC1 /* AppDelegate.h */,
				4B12DE1C1A4F114600DF5FC1 /* AppDelegate.m */,
				4B12DE201A4F114600DF5FC1 /* Images.xcassets */,
				4B12DE221A4F114600DF5FC1 /* MainMenu.xib */,
				4B12DE191A4F114600DF5FC1 /* Supporting Files */,
				1929B03E3D8C949D61774590 /* QVToolbarButton.m */,
				1929B3B7136B21874E591635 /* QVToolbarButton.h */,
				1929BB32CDC9ECE7C1BEFF06 /* NSString+QVWorkspace.m */,
				1929BB432D20728A3A689481 /* NSString+QVWorkspace.h */,
				1929BAEA739E2ADD5E025C23 /* QVToolbarButtonDelegate.h */,
				1929B08D1339D79C101E83DC /* QVSeparatorLine.m */,
				1929BA37CA8398DB1D09AB21 /* QVSeparatorLine.h */,
				1929B54DB25BA8C828DCB062 /* NSView+QVWorkspace.m */,
				1929B847D504CB946769C2B5 /* NSView+QVWorkspace.h */,
				1929BFF3EDCBCFD47A940584 /* QVWorkspaceDelegate.h */,
			);
			path = Workspace;
			sourceTree = "<group>";
		};
		4B12DE191A4F114600DF5FC1 /* Supporting Files */ = {
			isa = PBXGroup;
			children = (
				4B12DE1A1A4F114600DF5FC1 /* Info.plist */,
				4B12DE1E1A4F114600DF5FC1 /* main.m */,
			);
			name = "Supporting Files";
			sourceTree = "<group>";
		};
/* End PBXGroup section */

/* Begin PBXNativeTarget section */
		4B12DE151A4F114600DF5FC1 /* Workspace */ = {
			isa = PBXNativeTarget;
			buildConfigurationList = 4B12DE331A4F114600DF5FC1 /* Build configuration list for PBXNativeTarget "Workspace" */;
			buildPhases = (
				4B12DE121A4F114600DF5FC1 /* Sources */,
				4B12DE131A4F114600DF5FC1 /* Frameworks */,
				4B12DE141A4F114600DF5FC1 /* Resources */,
				4B972D1B1BA5805900D8E49A /* Embed Frameworks */,
			);
			buildRules = (
			);
			dependencies = (
			);
			name = Workspace;
			productName = Workspace;
			productReference = 4B12DE161A4F114600DF5FC1 /* Workspace.app */;
			productType = "com.apple.product-type.application";
		};
/* End PBXNativeTarget section */

/* Begin PBXProject section */
		4B12DE0E1A4F114600DF5FC1 /* Project object */ = {
			isa = PBXProject;
			attributes = {
				LastUpgradeCheck = 0610;
				ORGANIZATIONNAME = "Tae Won Ha";
				TargetAttributes = {
					4B12DE151A4F114600DF5FC1 = {
						CreatedOnToolsVersion = 6.1.1;
					};
				};
			};
			buildConfigurationList = 4B12DE111A4F114600DF5FC1 /* Build configuration list for PBXProject "Workspace" */;
			compatibilityVersion = "Xcode 3.2";
			developmentRegion = English;
			hasScannedForEncodings = 0;
			knownRegions = (
				en,
				Base,
			);
			mainGroup = 4B12DE0D1A4F114600DF5FC1;
			productRefGroup = 4B12DE171A4F114600DF5FC1 /* Products */;
			projectDirPath = "";
			projectRoot = "";
			targets = (
				4B12DE151A4F114600DF5FC1 /* Workspace */,
			);
		};
/* End PBXProject section */

/* Begin PBXResourcesBuildPhase section */
		4B12DE141A4F114600DF5FC1 /* Resources */ = {
			isa = PBXResourcesBuildPhase;
			buildActionMask = 2147483647;
			files = (
				4B12DE211A4F114600DF5FC1 /* Images.xcassets in Resources */,
				4B12DE241A4F114600DF5FC1 /* MainMenu.xib in Resources */,
			);
			runOnlyForDeploymentPostprocessing = 0;
		};
/* End PBXResourcesBuildPhase section */

/* Begin PBXSourcesBuildPhase section */
		4B12DE121A4F114600DF5FC1 /* Sources */ = {
			isa = PBXSourcesBuildPhase;
			buildActionMask = 2147483647;
			files = (
				4B12DE1F1A4F114600DF5FC1 /* main.m in Sources */,
				4B12DE501A4F125E00DF5FC1 /* QVWorkspace.m in Sources */,
				4B12DE4E1A4F125E00DF5FC1 /* QVTool.m in Sources */,
				4B12DE4F1A4F125E00DF5FC1 /* QVToolbar.m in Sources */,
				4B12DE1D1A4F114600DF5FC1 /* AppDelegate.m in Sources */,
				1929B3AA56FF997D0D7C79A3 /* QVToolbarButton.m in Sources */,
				1929B24484427DD509C42FC1 /* NSString+QVWorkspace.m in Sources */,
				1929B3CD93B47AAD945F82C2 /* QVSeparatorLine.m in Sources */,
				1929BED77B34B7D21B01A157 /* NSView+QVWorkspace.m in Sources */,
			);
			runOnlyForDeploymentPostprocessing = 0;
		};
/* End PBXSourcesBuildPhase section */

/* Begin PBXVariantGroup section */
		4B12DE221A4F114600DF5FC1 /* MainMenu.xib */ = {
			isa = PBXVariantGroup;
			children = (
				4B12DE231A4F114600DF5FC1 /* Base */,
			);
			name = MainMenu.xib;
			sourceTree = "<group>";
		};
/* End PBXVariantGroup section */

/* Begin XCBuildConfiguration section */
		4B12DE311A4F114600DF5FC1 /* Debug */ = {
			isa = XCBuildConfiguration;
			buildSettings = {
				ALWAYS_SEARCH_USER_PATHS = NO;
				CLANG_CXX_LANGUAGE_STANDARD = "gnu++0x";
				CLANG_CXX_LIBRARY = "libc++";
				CLANG_ENABLE_MODULES = YES;
				CLANG_ENABLE_OBJC_ARC = YES;
				CLANG_WARN_BOOL_CONVERSION = YES;
				CLANG_WARN_CONSTANT_CONVERSION = YES;
				CLANG_WARN_DIRECT_OBJC_ISA_USAGE = YES_ERROR;
				CLANG_WARN_EMPTY_BODY = YES;
				CLANG_WARN_ENUM_CONVERSION = YES;
				CLANG_WARN_INT_CONVERSION = YES;
				CLANG_WARN_OBJC_ROOT_CLASS = YES_ERROR;
				CLANG_WARN_UNREACHABLE_CODE = YES;
				CLANG_WARN__DUPLICATE_METHOD_MATCH = YES;
				CODE_SIGN_IDENTITY = "-";
				COPY_PHASE_STRIP = NO;
				ENABLE_STRICT_OBJC_MSGSEND = YES;
				GCC_C_LANGUAGE_STANDARD = gnu99;
				GCC_DYNAMIC_NO_PIC = NO;
				GCC_OPTIMIZATION_LEVEL = 0;
				GCC_PREPROCESSOR_DEFINITIONS = (
					"DEBUG=1",
					"$(inherited)",
				);
				GCC_SYMBOLS_PRIVATE_EXTERN = NO;
				GCC_WARN_64_TO_32_BIT_CONVERSION = YES;
				GCC_WARN_ABOUT_RETURN_TYPE = YES_ERROR;
				GCC_WARN_UNDECLARED_SELECTOR = YES;
				GCC_WARN_UNINITIALIZED_AUTOS = YES_AGGRESSIVE;
				GCC_WARN_UNUSED_FUNCTION = YES;
				GCC_WARN_UNUSED_VARIABLE = YES;
				MACOSX_DEPLOYMENT_TARGET = 10.10;
				MTL_ENABLE_DEBUG_INFO = YES;
				ONLY_ACTIVE_ARCH = YES;
			};
			name = Debug;
		};
		4B12DE321A4F114600DF5FC1 /* Release */ = {
			isa = XCBuildConfiguration;
			buildSettings = {
				ALWAYS_SEARCH_USER_PATHS = NO;
				CLANG_CXX_LANGUAGE_STANDARD = "gnu++0x";
				CLANG_CXX_LIBRARY = "libc++";
				CLANG_ENABLE_MODULES = YES;
				CLANG_ENABLE_OBJC_ARC = YES;
				CLANG_WARN_BOOL_CONVERSION = YES;
				CLANG_WARN_CONSTANT_CONVERSION = YES;
				CLANG_WARN_DIRECT_OBJC_ISA_USAGE = YES_ERROR;
				CLANG_WARN_EMPTY_BODY = YES;
				CLANG_WARN_ENUM_CONVERSION = YES;
				CLANG_WARN_INT_CONVERSION = YES;
				CLANG_WARN_OBJC_ROOT_CLASS = YES_ERROR;
				CLANG_WARN_UNREACHABLE_CODE = YES;
				CLANG_WARN__DUPLICATE_METHOD_MATCH = YES;
				CODE_SIGN_IDENTITY = "-";
				COPY_PHASE_STRIP = YES;
				DEBUG_INFORMATION_FORMAT = "dwarf-with-dsym";
				ENABLE_NS_ASSERTIONS = NO;
				ENABLE_STRICT_OBJC_MSGSEND = YES;
				GCC_C_LANGUAGE_STANDARD = gnu99;
				GCC_WARN_64_TO_32_BIT_CONVERSION = YES;
				GCC_WARN_ABOUT_RETURN_TYPE = YES_ERROR;
				GCC_WARN_UNDECLARED_SELECTOR = YES;
				GCC_WARN_UNINITIALIZED_AUTOS = YES_AGGRESSIVE;
				GCC_WARN_UNUSED_FUNCTION = YES;
				GCC_WARN_UNUSED_VARIABLE = YES;
				MACOSX_DEPLOYMENT_TARGET = 10.10;
				MTL_ENABLE_DEBUG_INFO = NO;
			};
			name = Release;
		};
		4B12DE341A4F114600DF5FC1 /* Debug */ = {
			isa = XCBuildConfiguration;
			buildSettings = {
				ASSETCATALOG_COMPILER_APPICON_NAME = AppIcon;
				COMBINE_HIDPI_IMAGES = YES;
				FRAMEWORK_SEARCH_PATHS = (
					"$(inherited)",
					"$(PROJECT_DIR)/Carthage/Build/Mac",
				);
				INFOPLIST_FILE = Workspace/Info.plist;
				LD_RUNPATH_SEARCH_PATHS = "$(inherited) @executable_path/../Frameworks";
				MACOSX_DEPLOYMENT_TARGET = 10.9;
				PRODUCT_NAME = "$(TARGET_NAME)";
			};
			name = Debug;
		};
		4B12DE351A4F114600DF5FC1 /* Release */ = {
			isa = XCBuildConfiguration;
			buildSettings = {
				ASSETCATALOG_COMPILER_APPICON_NAME = AppIcon;
				COMBINE_HIDPI_IMAGES = YES;
				FRAMEWORK_SEARCH_PATHS = (
					"$(inherited)",
					"$(PROJECT_DIR)/Carthage/Build/Mac",
				);
				INFOPLIST_FILE = Workspace/Info.plist;
				LD_RUNPATH_SEARCH_PATHS = "$(inherited) @executable_path/../Frameworks";
				MACOSX_DEPLOYMENT_TARGET = 10.9;
				PRODUCT_NAME = "$(TARGET_NAME)";
			};
			name = Release;
		};
/* End XCBuildConfiguration section */

/* Begin XCConfigurationList section */
		4B12DE111A4F114600DF5FC1 /* Build configuration list for PBXProject "Workspace" */ = {
			isa = XCConfigurationList;
			buildConfigurations = (
				4B12DE311A4F114600DF5FC1 /* Debug */,
				4B12DE321A4F114600DF5FC1 /* Release */,
			);
			defaultConfigurationIsVisible = 0;
			defaultConfigurationName = Release;
		};
		4B12DE331A4F114600DF5FC1 /* Build configuration list for PBXNativeTarget "Workspace" */ = {
			isa = XCConfigurationList;
			buildConfigurations = (
				4B12DE341A4F114600DF5FC1 /* Debug */,
				4B12DE351A4F114600DF5FC1 /* Release */,
			);
			defaultConfigurationIsVisible = 0;
			defaultConfigurationName = Release;
		};
/* End XCConfigurationList section */
	};
	rootObject = 4B12DE0E1A4F114600DF5FC1 /* Project object */;
}
